# THIS IS AN AUTOGENERATED FILE. DO NOT EDIT THIS FILE DIRECTLY.
# yarn lockfile v1


accessibility-developer-tools@^2.11.0:
  version "2.12.0"
  resolved "https://registry.yarnpkg.com/accessibility-developer-tools/-/accessibility-developer-tools-2.12.0.tgz#3da0cce9d6ec6373964b84f35db7cfc3df7ab514"

debug@^2.6.8:
  version "2.6.9"
  resolved "https://registry.yarnpkg.com/debug/-/debug-2.6.9.tgz#5d128515df134ff327e90a4c93f4e077a536341f"
  dependencies:
    ms "2.0.0"

deep-equal@^1.0.1:
  version "1.0.1"
  resolved "https://registry.yarnpkg.com/deep-equal/-/deep-equal-1.0.1.tgz#f5d260292b660e084eff4cdbc9f08ad3247448b5"

devtron@^1:
  version "1.4.0"
  resolved "https://registry.yarnpkg.com/devtron/-/devtron-1.4.0.tgz#b5e748bd6e95bbe70bfcc68aae6fe696119441e1"
  dependencies:
    accessibility-developer-tools "^2.11.0"
    highlight.js "^9.3.0"
    humanize-plus "^1.8.1"

electron-debug@^1:
  version "1.4.0"
  resolved "https://registry.yarnpkg.com/electron-debug/-/electron-debug-1.4.0.tgz#bec7005522220a9d0622153352e1bbff0f37af2e"
  dependencies:
    electron-is-dev "^0.3.0"
    electron-localshortcut "^3.0.0"

electron-is-accelerator@^0.1.0:
  version "0.1.2"
  resolved "https://registry.yarnpkg.com/electron-is-accelerator/-/electron-is-accelerator-0.1.2.tgz#509e510c26a56b55e17f863a4b04e111846ab27b"

electron-is-dev@^0.1:
  version "0.1.2"
  resolved "https://registry.yarnpkg.com/electron-is-dev/-/electron-is-dev-0.1.2.tgz#8a1043e32b3a1da1c3f553dce28ce764246167e3"

electron-is-dev@^0.3.0:
  version "0.3.0"
  resolved "https://registry.yarnpkg.com/electron-is-dev/-/electron-is-dev-0.3.0.tgz#14e6fda5c68e9e4ecbeff9ccf037cbd7c05c5afe"

electron-localshortcut@^3.0.0:
  version "3.0.2"
  resolved "https://registry.yarnpkg.com/electron-localshortcut/-/electron-localshortcut-3.0.2.tgz#df9cebe64140f4e58b680aacb2bd6278ae38ee61"
  dependencies:
    debug "^2.6.8"
    electron-is-accelerator "^0.1.0"
    keyboardevent-from-electron-accelerator "^0.7.0"
    keyboardevents-areequal "^0.2.1"

electron-window-state@^3:
  version "3.1.0"
  resolved "https://registry.yarnpkg.com/electron-window-state/-/electron-window-state-3.1.0.tgz#b2175467dce610e0f2dfb7201ed47b190636c3fe"
  dependencies:
    deep-equal "^1.0.1"
    jsonfile "^2.2.3"
    mkdirp "^0.5.1"
    object-assign "^4.0.1"

graceful-fs@^4.1.6:
  version "4.1.11"
  resolved "https://registry.yarnpkg.com/graceful-fs/-/graceful-fs-4.1.11.tgz#0e8bdfe4d1ddb8854d64e04ea7c00e2a026e5658"

highlight.js@^9.3.0:
  version "9.12.0"
  resolved "https://registry.yarnpkg.com/highlight.js/-/highlight.js-9.12.0.tgz#e6d9dbe57cbefe60751f02af336195870c90c01e"

humanize-plus@^1.8.1:
  version "1.8.2"
  resolved "https://registry.yarnpkg.com/humanize-plus/-/humanize-plus-1.8.2.tgz#a65b34459ad6367adbb3707a82a3c9f916167030"

jsonfile@^2.2.3:
  version "2.4.0"
  resolved "https://registry.yarnpkg.com/jsonfile/-/jsonfile-2.4.0.tgz#3736a2b428b87bbda0cc83b53fa3d633a35c2ae8"
  optionalDependencies:
    graceful-fs "^4.1.6"

keyboardevent-from-electron-accelerator@^0.7.0:
  version "0.7.1"
  resolved "https://registry.yarnpkg.com/keyboardevent-from-electron-accelerator/-/keyboardevent-from-electron-accelerator-0.7.1.tgz#aedafa5cc9a3a5f3f2b7c88b2ffd4057568118e7"

keyboardevents-areequal@^0.2.1:
  version "0.2.2"
  resolved "https://registry.yarnpkg.com/keyboardevents-areequal/-/keyboardevents-areequal-0.2.2.tgz#88191ec738ce9f7591c25e9056de928b40277194"

lodash@^4:
  version "4.17.4"
  resolved "https://registry.yarnpkg.com/lodash/-/lodash-4.17.4.tgz#78203a4d1c328ae1d86dca6460e369b57f4055ae"

minimist@0.0.8:
  version "0.0.8"
  resolved "https://registry.yarnpkg.com/minimist/-/minimist-0.0.8.tgz#857fcabfc3397d2625b8228262e86aa7a011b05d"

mkdirp@^0.5.1:
  version "0.5.1"
  resolved "https://registry.yarnpkg.com/mkdirp/-/mkdirp-0.5.1.tgz#30057438eac6cf7f8c4767f38648d6697d75c903"
  dependencies:
    minimist "0.0.8"

ms@2.0.0:
  version "2.0.0"
  resolved "https://registry.yarnpkg.com/ms/-/ms-2.0.0.tgz#5608aeadfc00be6c2901df5f9861788de0d597c8"

object-assign@^4.0.1:
  version "4.1.1"
  resolved "https://registry.yarnpkg.com/object-assign/-/object-assign-4.1.1.tgz#2109adc7965887cfc05cbbd442cac8bfbb360863"

"physics-sim@https://github.com/theGordHoard/physics-sim":
  version "1.0.0"
  resolved "https://github.com/theGordHoard/physics-sim#79bcb8e5fa09da975f1f9fbf0f7f3c26132aca97"
